<?xml version="1.0" encoding="utf-8"?>
<Project ToolsVersion="4.0" xmlns="http://schemas.microsoft.com/developer/msbuild/2003">
  <ItemGroup>
    <Filter Include="Fichiers sources">
      <UniqueIdentifier>{4FC737F1-C7A5-4376-A066-2A32D752A2FF}</UniqueIdentifier>
      <Extensions>cpp;c;cc;cxx;def;odl;idl;hpj;bat;asm;asmx</Extensions>
    </Filter>
    <Filter Include="Fichiers d%27en-tête">
      <UniqueIdentifier>{93995380-89BD-4b04-88EB-625FBE52EBFB}</UniqueIdentifier>
      <Extensions>h;hh;hpp;hxx;hm;inl;inc;ipp;xsd</Extensions>
    </Filter>
    <Filter Include="Fichiers de ressources">
      <UniqueIdentifier>{67DA6AB6-F800-4c08-8B7A-83BB121AAD01}</UniqueIdentifier>
      <Extensions>rc;ico;cur;bmp;dlg;rc2;rct;bin;rgs;gif;jpg;jpeg;jpe;resx;tiff;tif;png;wav;mfcribbon-ms</Extensions>
    </Filter>
    <Filter Include="Fichiers sources\stg13_cityescape">
      <UniqueIdentifier>{340590aa-a7fb-4a1c-8aba-6b8052daa532}</UniqueIdentifier>
    </Filter>
    <Filter Include="Fichiers d%27en-tête\stg13_cityescape">
      <UniqueIdentifier>{dbf9afaa-dd58-444c-904c-2874a0939029}</UniqueIdentifier>
    </Filter>
    <Filter Include="Fichiers d%27en-tête\stg10_metalharbor">
      <UniqueIdentifier>{1b23cf57-bf41-4c66-a187-5d82244a962c}</UniqueIdentifier>
    </Filter>
    <Filter Include="Fichiers sources\stg10_metalharbor">
      <UniqueIdentifier>{5dc1c4f8-b024-4198-bd19-23a680857631}</UniqueIdentifier>
    </Filter>
    <Filter Include="Fichiers sources\stg03_greenforest">
      <UniqueIdentifier>{fb15bbb1-d211-4919-8d97-338e8a411336}</UniqueIdentifier>
    </Filter>
    <Filter Include="Fichiers d%27en-tête\stg03_greenforest">
      <UniqueIdentifier>{e469880b-6208-4e0f-9359-9945772ec712}</UniqueIdentifier>
    </Filter>
  </ItemGroup>
  <ItemGroup>
    <ClInclude Include="stdafx.h">
      <Filter>Fichiers d%27en-tête</Filter>
    </ClInclude>
    <ClInclude Include="targetver.h">
      <Filter>Fichiers d%27en-tête</Filter>
    </ClInclude>
    <ClInclude Include="stg13_cityescape\stg13_cityescape.h">
      <Filter>Fichiers d%27en-tête\stg13_cityescape</Filter>
    </ClInclude>
    <ClInclude Include="levels.h">
      <Filter>Fichiers d%27en-tête</Filter>
    </ClInclude>
    <ClInclude Include="mod.h">
      <Filter>Fichiers d%27en-tête</Filter>
    </ClInclude>
    <ClInclude Include="common.h">
      <Filter>Fichiers d%27en-tête</Filter>
    </ClInclude>
    <ClInclude Include="stg10_metalharbor\stg10_metalharbor.h">
      <Filter>Fichiers d%27en-tête\stg10_metalharbor</Filter>
    </ClInclude>
    <ClInclude Include="stg03_greenforest\stg03_greenforest.h">
      <Filter>Fichiers d%27en-tête\stg03_greenforest</Filter>
    </ClInclude>
    <ClInclude Include="StageBinary.h">
      <Filter>Fichiers d%27en-tête</Filter>
    </ClInclude>
  </ItemGroup>
  <ItemGroup>
    <ClCompile Include="stdafx.cpp">
      <Filter>Fichiers sources</Filter>
    </ClCompile>
    <ClCompile Include="mod.cpp">
      <Filter>Fichiers sources</Filter>
    </ClCompile>
    <ClCompile Include="dllmain.cpp">
      <Filter>Fichiers sources</Filter>
    </ClCompile>
    <ClCompile Include="stg13_cityescape\stg13_cityescape.cpp">
      <Filter>Fichiers sources\stg13_cityescape</Filter>
    </ClCompile>
    <ClCompile Include="levels.cpp">
      <Filter>Fichiers sources</Filter>
    </ClCompile>
    <ClCompile Include="stg10_metalharbor\stg10_metalharbor.cpp">
      <Filter>Fichiers sources\stg10_metalharbor</Filter>
    </ClCompile>
    <ClCompile Include="stg03_greenforest\stg03_greenforest.cpp">
      <Filter>Fichiers sources\stg03_greenforest</Filter>
    </ClCompile>
    <ClCompile Include="StageBinary.cpp">
      <Filter>Fichiers sources</Filter>
    </ClCompile>
  </ItemGroup>
</Project>